
Microsoft Visual Studio Solution File, Format Version 12.00
# Visual Studio Version 16
VisualStudioVersion = 16.0.31205.134
MinimumVisualStudioVersion = 10.0.40219.1
Project("{FAE04EC0-301F-11D3-BF4B-00C04F79EFBC}") = "BookShop", "BookShop\BookShop.csproj", "{78C94D9F-32EA-436F-B60D-311E0DF36ECB}"
EndProject
Global
	GlobalSection(SolutionConfigurationPlatforms) = preSolution
		Debug|Any CPU = Debug|Any CPU
		Release|Any CPU = Release|Any CPU
	EndGlobalSection
	GlobalSection(ProjectConfigurationPlatforms) = postSolution
		{78C94D9F-32EA-436F-B60D-311E0DF36ECB}.Debug|Any CPU.ActiveCfg = Debug|Any CPU
		{78C94D9F-32EA-436F-B60D-311E0DF36ECB}.Debug|Any CPU.Build.0 = Debug|Any CPU
		{78C94D9F-32EA-436F-B60D-311E0DF36ECB}.Release|Any CPU.ActiveCfg = Release|Any CPU
		{78C94D9F-32EA-436F-B60D-311E0DF36ECB}.Release|Any CPU.Build.0 = Release|Any CPU
	EndGlobalSection
	GlobalSection(SolutionProperties) = preSolution
		HideSolutionNode = FALSE
	EndGlobalSection
	GlobalSection(ExtensibilityGlobals) = postSolution
		SolutionGuid = {E48010D3-35EC-47CD-B72E-E5E8C4517020}
	EndGlobalSection
EndGlobal
