
Microsoft Visual Studio Solution File, Format Version 12.00
# Visual Studio Version 16
VisualStudioVersion = 16.0.31205.134
MinimumVisualStudioVersion = 10.0.40219.1
Project("{9A19103F-16F7-4668-BE54-9A1E7A4F7556}") = "AuthService", "AuthService\AuthService.csproj", "{82796218-8383-453B-8ED3-ED8EACE8307C}"
EndProject
Project("{FAE04EC0-301F-11D3-BF4B-00C04F79EFBC}") = "AuthWebUi", "AuthWebUi\AuthWebUi.csproj", "{65C51132-3186-46A9-937C-34E5CD85DA18}"
EndProject
Global
	GlobalSection(SolutionConfigurationPlatforms) = preSolution
		Debug|Any CPU = Debug|Any CPU
		Release|Any CPU = Release|Any CPU
	EndGlobalSection
	GlobalSection(ProjectConfigurationPlatforms) = postSolution
		{82796218-8383-453B-8ED3-ED8EACE8307C}.Debug|Any CPU.ActiveCfg = Debug|Any CPU
		{82796218-8383-453B-8ED3-ED8EACE8307C}.Debug|Any CPU.Build.0 = Debug|Any CPU
		{82796218-8383-453B-8ED3-ED8EACE8307C}.Release|Any CPU.ActiveCfg = Release|Any CPU
		{82796218-8383-453B-8ED3-ED8EACE8307C}.Release|Any CPU.Build.0 = Release|Any CPU
		{65C51132-3186-46A9-937C-34E5CD85DA18}.Debug|Any CPU.ActiveCfg = Debug|Any CPU
		{65C51132-3186-46A9-937C-34E5CD85DA18}.Debug|Any CPU.Build.0 = Debug|Any CPU
		{65C51132-3186-46A9-937C-34E5CD85DA18}.Release|Any CPU.ActiveCfg = Release|Any CPU
		{65C51132-3186-46A9-937C-34E5CD85DA18}.Release|Any CPU.Build.0 = Release|Any CPU
	EndGlobalSection
	GlobalSection(SolutionProperties) = preSolution
		HideSolutionNode = FALSE
	EndGlobalSection
	GlobalSection(ExtensibilityGlobals) = postSolution
		SolutionGuid = {93B02BF0-72D8-4F1E-BF8F-72816BEE078C}
	EndGlobalSection
EndGlobal
